// !$*UTF8*$!
{
	archiveVersion = 1;
	classes = {
	};
	objectVersion = 50;
	objects = {

/* Begin PBXBuildFile section */
		532DAC7E25CF243500883B76 /* AppDelegate.swift in Sources */ = {isa = PBXBuildFile; fileRef = 532DAC7D25CF243500883B76 /* AppDelegate.swift */; };
		532DAC8025CF243500883B76 /* SceneDelegate.swift in Sources */ = {isa = PBXBuildFile; fileRef = 532DAC7F25CF243500883B76 /* SceneDelegate.swift */; };
		532DAC8225CF243500883B76 /* ViewController.swift in Sources */ = {isa = PBXBuildFile; fileRef = 532DAC8125CF243500883B76 /* ViewController.swift */; };
		532DAC8525CF243500883B76 /* Main.storyboard in Resources */ = {isa = PBXBuildFile; fileRef = 532DAC8325CF243500883B76 /* Main.storyboard */; };
		532DAC8725CF243A00883B76 /* Assets.xcassets in Resources */ = {isa = PBXBuildFile; fileRef = 532DAC8625CF243A00883B76 /* Assets.xcassets */; };
		532DAC8A25CF243A00883B76 /* LaunchScreen.storyboard in Resources */ = {isa = PBXBuildFile; fileRef = 532DAC8825CF243A00883B76 /* LaunchScreen.storyboard */; };
		532DAC9425CF400F00883B76 /* UserInfoViewController.swift in Sources */ = {isa = PBXBuildFile; fileRef = 532DAC9325CF400E00883B76 /* UserInfoViewController.swift */; };
		532DACA525CFF8F600883B76 /* Accounts.swift in Sources */ = {isa = PBXBuildFile; fileRef = 532DACA425CFF8F600883B76 /* Accounts.swift */; };
		532DACAD25D01A2F00883B76 /* WorkViewController.swift in Sources */ = {isa = PBXBuildFile; fileRef = 532DACAC25D01A2F00883B76 /* WorkViewController.swift */; };
		532DACB025D01A4900883B76 /* HobbyViewController.swift in Sources */ = {isa = PBXBuildFile; fileRef = 532DACAF25D01A4900883B76 /* HobbyViewController.swift */; };
/* End PBXBuildFile section */

/* Begin PBXFileReference section */
		532DAC7A25CF243500883B76 /* HW4_1.app */ = {isa = PBXFileReference; explicitFileType = wrapper.application; includeInIndex = 0; path = HW4_1.app; sourceTree = BUILT_PRODUCTS_DIR; };
		532DAC7D25CF243500883B76 /* AppDelegate.swift */ = {isa = PBXFileReference; lastKnownFileType = sourcecode.swift; path = AppDelegate.swift; sourceTree = "<group>"; };
		532DAC7F25CF243500883B76 /* SceneDelegate.swift */ = {isa = PBXFileReference; lastKnownFileType = sourcecode.swift; path = SceneDelegate.swift; sourceTree = "<group>"; };
		532DAC8125CF243500883B76 /* ViewController.swift */ = {isa = PBXFileReference; lastKnownFileType = sourcecode.swift; path = ViewController.swift; sourceTree = "<group>"; };
		532DAC8425CF243500883B76 /* Base */ = {isa = PBXFileReference; lastKnownFileType = file.storyboard; name = Base; path = Base.lproj/Main.storyboard; sourceTree = "<group>"; };
		532DAC8625CF243A00883B76 /* Assets.xcassets */ = {isa = PBXFileReference; lastKnownFileType = folder.assetcatalog; path = Assets.xcassets; sourceTree = "<group>"; };
		532DAC8925CF243A00883B76 /* Base */ = {isa = PBXFileReference; lastKnownFileType = file.storyboard; name = Base; path = Base.lproj/LaunchScreen.storyboard; sourceTree = "<group>"; };
		532DAC8B25CF243A00883B76 /* Info.plist */ = {isa = PBXFileReference; lastKnownFileType = text.plist.xml; path = Info.plist; sourceTree = "<group>"; };
		532DAC9325CF400E00883B76 /* UserInfoViewController.swift */ = {isa = PBXFileReference; lastKnownFileType = sourcecode.swift; path = UserInfoViewController.swift; sourceTree = "<group>"; };
		532DACA425CFF8F600883B76 /* Accounts.swift */ = {isa = PBXFileReference; lastKnownFileType = sourcecode.swift; path = Accounts.swift; sourceTree = "<group>"; };
		532DACAC25D01A2F00883B76 /* WorkViewController.swift */ = {isa = PBXFileReference; lastKnownFileType = sourcecode.swift; path = WorkViewController.swift; sourceTree = "<group>"; };
		532DACAF25D01A4900883B76 /* HobbyViewController.swift */ = {isa = PBXFileReference; lastKnownFileType = sourcecode.swift; path = HobbyViewController.swift; sourceTree = "<group>"; };
/* End PBXFileReference section */

/* Begin PBXFrameworksBuildPhase section */
		532DAC7725CF243500883B76 /* Frameworks */ = {
			isa = PBXFrameworksBuildPhase;
			buildActionMask = 2147483647;
			files = (
			);
			runOnlyForDeploymentPostprocessing = 0;
		};
/* End PBXFrameworksBuildPhase section */

/* Begin PBXGroup section */
		532DAC7125CF243500883B76 = {
			isa = PBXGroup;
			children = (
				532DAC7C25CF243500883B76 /* HW4_1 */,
				532DAC7B25CF243500883B76 /* Products */,
			);
			sourceTree = "<group>";
		};
		532DAC7B25CF243500883B76 /* Products */ = {
			isa = PBXGroup;
			children = (
				532DAC7A25CF243500883B76 /* HW4_1.app */,
			);
			name = Products;
			sourceTree = "<group>";
		};
		532DAC7C25CF243500883B76 /* HW4_1 */ = {
			isa = PBXGroup;
			children = (
				532DAC9725CFF28400883B76 /* ViewControllers */,
				532DAC9E25CFF47200883B76 /* Model */,
				532DAC9625CFF25300883B76 /* StoryBoards */,
				532DAC8625CF243A00883B76 /* Assets.xcassets */,
				532DACA925D0112300883B76 /* Resourses */,
				532DAC9825CFF30F00883B76 /* SupportFiles */,
			);
			path = HW4_1;
			sourceTree = "<group>";
		};
		532DAC9625CFF25300883B76 /* StoryBoards */ = {
			isa = PBXGroup;
			children = (
				532DAC8325CF243500883B76 /* Main.storyboard */,
				532DAC8825CF243A00883B76 /* LaunchScreen.storyboard */,
			);
			path = StoryBoards;
			sourceTree = "<group>";
		};
		532DAC9725CFF28400883B76 /* ViewControllers */ = {
			isa = PBXGroup;
			children = (
				532DAC8125CF243500883B76 /* ViewController.swift */,
				532DAC9325CF400E00883B76 /* UserInfoViewController.swift */,
				532DACAC25D01A2F00883B76 /* WorkViewController.swift */,
				532DACAF25D01A4900883B76 /* HobbyViewController.swift */,
			);
			path = ViewControllers;
			sourceTree = "<group>";
		};
		532DAC9825CFF30F00883B76 /* SupportFiles */ = {
			isa = PBXGroup;
			children = (
				532DAC7D25CF243500883B76 /* AppDelegate.swift */,
				532DAC7F25CF243500883B76 /* SceneDelegate.swift */,
				532DAC8B25CF243A00883B76 /* Info.plist */,
			);
			path = SupportFiles;
			sourceTree = "<group>";
		};
		532DAC9E25CFF47200883B76 /* Model */ = {
			isa = PBXGroup;
			children = (
				532DACA425CFF8F600883B76 /* Accounts.swift */,
			);
			path = Model;
			sourceTree = "<group>";
		};
		532DACA925D0112300883B76 /* Resourses */ = {
			isa = PBXGroup;
			children = (
			);
			path = Resourses;
			sourceTree = "<group>";
		};
/* End PBXGroup section */

/* Begin PBXNativeTarget section */
		532DAC7925CF243500883B76 /* HW4_1 */ = {
			isa = PBXNativeTarget;
			buildConfigurationList = 532DAC8E25CF243A00883B76 /* Build configuration list for PBXNativeTarget "HW4_1" */;
			buildPhases = (
				532DAC7625CF243500883B76 /* Sources */,
				532DAC7725CF243500883B76 /* Frameworks */,
				532DAC7825CF243500883B76 /* Resources */,
			);
			buildRules = (
			);
			dependencies = (
			);
			name = HW4_1;
			productName = HW4_1;
			productReference = 532DAC7A25CF243500883B76 /* HW4_1.app */;
			productType = "com.apple.product-type.application";
		};
/* End PBXNativeTarget section */

/* Begin PBXProject section */
		532DAC7225CF243500883B76 /* Project object */ = {
			isa = PBXProject;
			attributes = {
				LastSwiftUpdateCheck = 1240;
				LastUpgradeCheck = 1240;
				TargetAttributes = {
					532DAC7925CF243500883B76 = {
						CreatedOnToolsVersion = 12.4;
					};
				};
			};
			buildConfigurationList = 532DAC7525CF243500883B76 /* Build configuration list for PBXProject "HW4_1" */;
			compatibilityVersion = "Xcode 9.3";
			developmentRegion = en;
			hasScannedForEncodings = 0;
			knownRegions = (
				en,
				Base,
			);
			mainGroup = 532DAC7125CF243500883B76;
			productRefGroup = 532DAC7B25CF243500883B76 /* Products */;
			projectDirPath = "";
			projectRoot = "";
			targets = (
				532DAC7925CF243500883B76 /* HW4_1 */,
			);
		};
/* End PBXProject section */

/* Begin PBXResourcesBuildPhase section */
		532DAC7825CF243500883B76 /* Resources */ = {
			isa = PBXResourcesBuildPhase;
			buildActionMask = 2147483647;
			files = (
				532DAC8A25CF243A00883B76 /* LaunchScreen.storyboard in Resources */,
				532DAC8725CF243A00883B76 /* Assets.xcassets in Resources */,
				532DAC8525CF243500883B76 /* Main.storyboard in Resources */,
			);
			runOnlyForDeploymentPostprocessing = 0;
		};
/* End PBXResourcesBuildPhase section */

/* Begin PBXSourcesBuildPhase section */
		532DAC7625CF243500883B76 /* Sources */ = {
			isa = PBXSourcesBuildPhase;
			buildActionMask = 2147483647;
			files = (
				532DAC8225CF243500883B76 /* ViewController.swift in Sources */,
				532DAC9425CF400F00883B76 /* UserInfoViewController.swift in Sources */,
				532DACB025D01A4900883B76 /* HobbyViewController.swift in Sources */,
				532DAC7E25CF243500883B76 /* AppDelegate.swift in Sources */,
				532DACAD25D01A2F00883B76 /* WorkViewController.swift in Sources */,
				532DAC8025CF243500883B76 /* SceneDelegate.swift in Sources */,
				532DACA525CFF8F600883B76 /* Accounts.swift in Sources */,
			);
			runOnlyForDeploymentPostprocessing = 0;
		};
/* End PBXSourcesBuildPhase section */

/* Begin PBXVariantGroup section */
		532DAC8325CF243500883B76 /* Main.storyboard */ = {
			isa = PBXVariantGroup;
			children = (
				532DAC8425CF243500883B76 /* Base */,
			);
			name = Main.storyboard;
			sourceTree = "<group>";
		};
		532DAC8825CF243A00883B76 /* LaunchScreen.storyboard */ = {
			isa = PBXVariantGroup;
			children = (
				532DAC8925CF243A00883B76 /* Base */,
			);
			name = LaunchScreen.storyboard;
			sourceTree = "<group>";
		};
/* End PBXVariantGroup section */

/* Begin XCBuildConfiguration section */
		532DAC8C25CF243A00883B76 /* Debug */ = {
			isa = XCBuildConfiguration;
			buildSettings = {
				ALWAYS_SEARCH_USER_PATHS = NO;
				CLANG_ANALYZER_NONNULL = YES;
				CLANG_ANALYZER_NUMBER_OBJECT_CONVERSION = YES_AGGRESSIVE;
				CLANG_CXX_LANGUAGE_STANDARD = "gnu++14";
				CLANG_CXX_LIBRARY = "libc++";
				CLANG_ENABLE_MODULES = YES;
				CLANG_ENABLE_OBJC_ARC = YES;
				CLANG_ENABLE_OBJC_WEAK = YES;
				CLANG_WARN_BLOCK_CAPTURE_AUTORELEASING = YES;
				CLANG_WARN_BOOL_CONVERSION = YES;
				CLANG_WARN_COMMA = YES;
				CLANG_WARN_CONSTANT_CONVERSION = YES;
				CLANG_WARN_DEPRECATED_OBJC_IMPLEMENTATIONS = YES;
				CLANG_WARN_DIRECT_OBJC_ISA_USAGE = YES_ERROR;
				CLANG_WARN_DOCUMENTATION_COMMENTS = YES;
				CLANG_WARN_EMPTY_BODY = YES;
				CLANG_WARN_ENUM_CONVERSION = YES;
				CLANG_WARN_INFINITE_RECURSION = YES;
				CLANG_WARN_INT_CONVERSION = YES;
				CLANG_WARN_NON_LITERAL_NULL_CONVERSION = YES;
				CLANG_WARN_OBJC_IMPLICIT_RETAIN_SELF = YES;
				CLANG_WARN_OBJC_LITERAL_CONVERSION = YES;
				CLANG_WARN_OBJC_ROOT_CLASS = YES_ERROR;
				CLANG_WARN_QUOTED_INCLUDE_IN_FRAMEWORK_HEADER = YES;
				CLANG_WARN_RANGE_LOOP_ANALYSIS = YES;
				CLANG_WARN_STRICT_PROTOTYPES = YES;
				CLANG_WARN_SUSPICIOUS_MOVE = YES;
				CLANG_WARN_UNGUARDED_AVAILABILITY = YES_AGGRESSIVE;
				CLANG_WARN_UNREACHABLE_CODE = YES;
				CLANG_WARN__DUPLICATE_METHOD_MATCH = YES;
				COPY_PHASE_STRIP = NO;
				DEBUG_INFORMATION_FORMAT = dwarf;
				ENABLE_STRICT_OBJC_MSGSEND = YES;
				ENABLE_TESTABILITY = YES;
				GCC_C_LANGUAGE_STANDARD = gnu11;
				GCC_DYNAMIC_NO_PIC = NO;
				GCC_NO_COMMON_BLOCKS = YES;
				GCC_OPTIMIZATION_LEVEL = 0;
				GCC_PREPROCESSOR_DEFINITIONS = (
					"DEBUG=1",
					"$(inherited)",
				);
				GCC_WARN_64_TO_32_BIT_CONVERSION = YES;
				GCC_WARN_ABOUT_RETURN_TYPE = YES_ERROR;
				GCC_WARN_UNDECLARED_SELECTOR = YES;
				GCC_WARN_UNINITIALIZED_AUTOS = YES_AGGRESSIVE;
				GCC_WARN_UNUSED_FUNCTION = YES;
				GCC_WARN_UNUSED_VARIABLE = YES;
				IPHONEOS_DEPLOYMENT_TARGET = 14.4;
				MTL_ENABLE_DEBUG_INFO = INCLUDE_SOURCE;
				MTL_FAST_MATH = YES;
				ONLY_ACTIVE_ARCH = YES;
				SDKROOT = iphoneos;
				SWIFT_ACTIVE_COMPILATION_CONDITIONS = DEBUG;
				SWIFT_OPTIMIZATION_LEVEL = "-Onone";
			};
			name = Debug;
		};
		532DAC8D25CF243A00883B76 /* Release */ = {
			isa = XCBuildConfiguration;
			buildSettings = {
				ALWAYS_SEARCH_USER_PATHS = NO;
				CLANG_ANALYZER_NONNULL = YES;
				CLANG_ANALYZER_NUMBER_OBJECT_CONVERSION = YES_AGGRESSIVE;
				CLANG_CXX_LANGUAGE_STANDARD = "gnu++14";
				CLANG_CXX_LIBRARY = "libc++";
				CLANG_ENABLE_MODULES = YES;
				CLANG_ENABLE_OBJC_ARC = YES;
				CLANG_ENABLE_OBJC_WEAK = YES;
				CLANG_WARN_BLOCK_CAPTURE_AUTORELEASING = YES;
				CLANG_WARN_BOOL_CONVERSION = YES;
				CLANG_WARN_COMMA = YES;
				CLANG_WARN_CONSTANT_CONVERSION = YES;
				CLANG_WARN_DEPRECATED_OBJC_IMPLEMENTATIONS = YES;
				CLANG_WARN_DIRECT_OBJC_ISA_USAGE = YES_ERROR;
				CLANG_WARN_DOCUMENTATION_COMMENTS = YES;
				CLANG_WARN_EMPTY_BODY = YES;
				CLANG_WARN_ENUM_CONVERSION = YES;
				CLANG_WARN_INFINITE_RECURSION = YES;
				CLANG_WARN_INT_CONVERSION = YES;
				CLANG_WARN_NON_LITERAL_NULL_CONVERSION = YES;
				CLANG_WARN_OBJC_IMPLICIT_RETAIN_SELF = YES;
				CLANG_WARN_OBJC_LITERAL_CONVERSION = YES;
				CLANG_WARN_OBJC_ROOT_CLASS = YES_ERROR;
				CLANG_WARN_QUOTED_INCLUDE_IN_FRAMEWORK_HEADER = YES;
				CLANG_WARN_RANGE_LOOP_ANALYSIS = YES;
				CLANG_WARN_STRICT_PROTOTYPES = YES;
				CLANG_WARN_SUSPICIOUS_MOVE = YES;
				CLANG_WARN_UNGUARDED_AVAILABILITY = YES_AGGRESSIVE;
				CLANG_WARN_UNREACHABLE_CODE = YES;
				CLANG_WARN__DUPLICATE_METHOD_MATCH = YES;
				COPY_PHASE_STRIP = NO;
				DEBUG_INFORMATION_FORMAT = "dwarf-with-dsym";
				ENABLE_NS_ASSERTIONS = NO;
				ENABLE_STRICT_OBJC_MSGSEND = YES;
				GCC_C_LANGUAGE_STANDARD = gnu11;
				GCC_NO_COMMON_BLOCKS = YES;
				GCC_WARN_64_TO_32_BIT_CONVERSION = YES;
				GCC_WARN_ABOUT_RETURN_TYPE = YES_ERROR;
				GCC_WARN_UNDECLARED_SELECTOR = YES;
				GCC_WARN_UNINITIALIZED_AUTOS = YES_AGGRESSIVE;
				GCC_WARN_UNUSED_FUNCTION = YES;
				GCC_WARN_UNUSED_VARIABLE = YES;
				IPHONEOS_DEPLOYMENT_TARGET = 14.4;
				MTL_ENABLE_DEBUG_INFO = NO;
				MTL_FAST_MATH = YES;
				SDKROOT = iphoneos;
				SWIFT_COMPILATION_MODE = wholemodule;
				SWIFT_OPTIMIZATION_LEVEL = "-O";
				VALIDATE_PRODUCT = YES;
			};
			name = Release;
		};
		532DAC8F25CF243A00883B76 /* Debug */ = {
			isa = XCBuildConfiguration;
			buildSettings = {
				ASSETCATALOG_COMPILER_APPICON_NAME = AppIcon;
				ASSETCATALOG_COMPILER_GLOBAL_ACCENT_COLOR_NAME = AccentColor;
				CODE_SIGN_STYLE = Automatic;
				DEVELOPMENT_TEAM = 46GSK847SZ;
				INFOPLIST_FILE = HW4_1/SupportFiles/Info.plist;
				LD_RUNPATH_SEARCH_PATHS = (
					"$(inherited)",
					"@executable_path/Frameworks",
				);
				PRODUCT_BUNDLE_IDENTIFIER = "NikitaZharinov.HW4-1";
				PRODUCT_NAME = "$(TARGET_NAME)";
				SWIFT_VERSION = 5.0;
				TARGETED_DEVICE_FAMILY = 1;
			};
			name = Debug;
		};
		532DAC9025CF243A00883B76 /* Release */ = {
			isa = XCBuildConfiguration;
			buildSettings = {
				ASSETCATALOG_COMPILER_APPICON_NAME = AppIcon;
				ASSETCATALOG_COMPILER_GLOBAL_ACCENT_COLOR_NAME = AccentColor;
				CODE_SIGN_STYLE = Automatic;
				DEVELOPMENT_TEAM = 46GSK847SZ;
				INFOPLIST_FILE = HW4_1/SupportFiles/Info.plist;
				LD_RUNPATH_SEARCH_PATHS = (
					"$(inherited)",
					"@executable_path/Frameworks",
				);
				PRODUCT_BUNDLE_IDENTIFIER = "NikitaZharinov.HW4-1";
				PRODUCT_NAME = "$(TARGET_NAME)";
				SWIFT_VERSION = 5.0;
				TARGETED_DEVICE_FAMILY = 1;
			};
			name = Release;
		};
/* End XCBuildConfiguration section */

/* Begin XCConfigurationList section */
		532DAC7525CF243500883B76 /* Build configuration list for PBXProject "HW4_1" */ = {
			isa = XCConfigurationList;
			buildConfigurations = (
				532DAC8C25CF243A00883B76 /* Debug */,
				532DAC8D25CF243A00883B76 /* Release */,
			);
			defaultConfigurationIsVisible = 0;
			defaultConfigurationName = Release;
		};
		532DAC8E25CF243A00883B76 /* Build configuration list for PBXNativeTarget "HW4_1" */ = {
			isa = XCConfigurationList;
			buildConfigurations = (
				532DAC8F25CF243A00883B76 /* Debug */,
				532DAC9025CF243A00883B76 /* Release */,
			);
			defaultConfigurationIsVisible = 0;
			defaultConfigurationName = Release;
		};
/* End XCConfigurationList section */
	};
	rootObject = 532DAC7225CF243500883B76 /* Project object */;
}
